// !$*UTF8*$!
{
	archiveVersion = 1;
	classes = {
	};
	objectVersion = 55;
	objects = {

/* Begin PBXBuildFile section */
		33CA20418E3A5F61908438D0 /* Pods_MVVM_CollectionVW_inside_TableViewCell.framework in Frameworks */ = {isa = PBXBuildFile; fileRef = 0D2FF383B57F02525C1964E9 /* Pods_MVVM_CollectionVW_inside_TableViewCell.framework */; };
		5E13E3CA287D4A4E00A127AA /* AppDelegate.swift in Sources */ = {isa = PBXBuildFile; fileRef = 5E13E3C9287D4A4E00A127AA /* AppDelegate.swift */; };
		5E13E3CC287D4A4E00A127AA /* SceneDelegate.swift in Sources */ = {isa = PBXBuildFile; fileRef = 5E13E3CB287D4A4E00A127AA /* SceneDelegate.swift */; };
		5E13E3CE287D4A4E00A127AA /* ViewController.swift in Sources */ = {isa = PBXBuildFile; fileRef = 5E13E3CD287D4A4E00A127AA /* ViewController.swift */; };
		5E13E3D1287D4A4E00A127AA /* Main.storyboard in Resources */ = {isa = PBXBuildFile; fileRef = 5E13E3CF287D4A4E00A127AA /* Main.storyboard */; };
		5E13E3D3287D4A5100A127AA /* Assets.xcassets in Resources */ = {isa = PBXBuildFile; fileRef = 5E13E3D2287D4A5100A127AA /* Assets.xcassets */; };
		5E13E3D6287D4A5100A127AA /* LaunchScreen.storyboard in Resources */ = {isa = PBXBuildFile; fileRef = 5E13E3D4287D4A5100A127AA /* LaunchScreen.storyboard */; };
		5E13E3FA287D59AE00A127AA /* Model.swift in Sources */ = {isa = PBXBuildFile; fileRef = 5E13E3F9287D59AE00A127AA /* Model.swift */; };
		5E13E3FC287D5A0F00A127AA /* UsersViewModel.swift in Sources */ = {isa = PBXBuildFile; fileRef = 5E13E3FB287D5A0F00A127AA /* UsersViewModel.swift */; };
		5E13E401287D686D00A127AA /* TableViewCell.swift in Sources */ = {isa = PBXBuildFile; fileRef = 5E13E400287D686D00A127AA /* TableViewCell.swift */; };
		5E13E403287D689F00A127AA /* CollectionViewCell.swift in Sources */ = {isa = PBXBuildFile; fileRef = 5E13E402287D689F00A127AA /* CollectionViewCell.swift */; };
		5E33408028814B7B00995D73 /* ApiService.swift in Sources */ = {isa = PBXBuildFile; fileRef = 5E33407F28814B7B00995D73 /* ApiService.swift */; };
		5E33408328814BB300995D73 /* Constants.swift in Sources */ = {isa = PBXBuildFile; fileRef = 5E33408228814BB300995D73 /* Constants.swift */; };
		5E33408528814BB900995D73 /* Loader.swift in Sources */ = {isa = PBXBuildFile; fileRef = 5E33408428814BB900995D73 /* Loader.swift */; };
/* End PBXBuildFile section */

/* Begin PBXContainerItemProxy section */
		5E13E3DD287D4A5100A127AA /* PBXContainerItemProxy */ = {
			isa = PBXContainerItemProxy;
			containerPortal = 5E13E3BE287D4A4E00A127AA /* Project object */;
			proxyType = 1;
			remoteGlobalIDString = 5E13E3C5287D4A4E00A127AA;
			remoteInfo = Task_01;
		};
		5E13E3E7287D4A5100A127AA /* PBXContainerItemProxy */ = {
			isa = PBXContainerItemProxy;
			containerPortal = 5E13E3BE287D4A4E00A127AA /* Project object */;
			proxyType = 1;
			remoteGlobalIDString = 5E13E3C5287D4A4E00A127AA;
			remoteInfo = Task_01;
		};
/* End PBXContainerItemProxy section */

/* Begin PBXFileReference section */
		0D2FF383B57F02525C1964E9 /* Pods_MVVM_CollectionVW_inside_TableViewCell.framework */ = {isa = PBXFileReference; explicitFileType = wrapper.framework; includeInIndex = 0; path = Pods_MVVM_CollectionVW_inside_TableViewCell.framework; sourceTree = BUILT_PRODUCTS_DIR; };
		4C8C7504B7F7391300970B2D /* Pods-Task_01.debug.xcconfig */ = {isa = PBXFileReference; includeInIndex = 1; lastKnownFileType = text.xcconfig; name = "Pods-Task_01.debug.xcconfig"; path = "Target Support Files/Pods-Task_01/Pods-Task_01.debug.xcconfig"; sourceTree = "<group>"; };
		5E13E3C6287D4A4E00A127AA /* MVVM_CollectionVW_inside_TableViewCell.app */ = {isa = PBXFileReference; explicitFileType = wrapper.application; includeInIndex = 0; path = MVVM_CollectionVW_inside_TableViewCell.app; sourceTree = BUILT_PRODUCTS_DIR; };
		5E13E3C9287D4A4E00A127AA /* AppDelegate.swift */ = {isa = PBXFileReference; lastKnownFileType = sourcecode.swift; path = AppDelegate.swift; sourceTree = "<group>"; };
		5E13E3CB287D4A4E00A127AA /* SceneDelegate.swift */ = {isa = PBXFileReference; lastKnownFileType = sourcecode.swift; path = SceneDelegate.swift; sourceTree = "<group>"; };
		5E13E3CD287D4A4E00A127AA /* ViewController.swift */ = {isa = PBXFileReference; lastKnownFileType = sourcecode.swift; path = ViewController.swift; sourceTree = "<group>"; };
		5E13E3D0287D4A4E00A127AA /* Base */ = {isa = PBXFileReference; lastKnownFileType = file.storyboard; name = Base; path = Base.lproj/Main.storyboard; sourceTree = "<group>"; };
		5E13E3D2287D4A5100A127AA /* Assets.xcassets */ = {isa = PBXFileReference; lastKnownFileType = folder.assetcatalog; path = Assets.xcassets; sourceTree = "<group>"; };
		5E13E3D5287D4A5100A127AA /* Base */ = {isa = PBXFileReference; lastKnownFileType = file.storyboard; name = Base; path = Base.lproj/LaunchScreen.storyboard; sourceTree = "<group>"; };
		5E13E3D7287D4A5100A127AA /* Info.plist */ = {isa = PBXFileReference; lastKnownFileType = text.plist.xml; path = Info.plist; sourceTree = "<group>"; };
		5E13E3DC287D4A5100A127AA /* MVVM_CollectionVW_inside_TableViewCellTests.xctest */ = {isa = PBXFileReference; explicitFileType = wrapper.cfbundle; includeInIndex = 0; path = MVVM_CollectionVW_inside_TableViewCellTests.xctest; sourceTree = BUILT_PRODUCTS_DIR; };
		5E13E3E6287D4A5100A127AA /* MVVM_CollectionVW_inside_TableViewCellUITests.xctest */ = {isa = PBXFileReference; explicitFileType = wrapper.cfbundle; includeInIndex = 0; path = MVVM_CollectionVW_inside_TableViewCellUITests.xctest; sourceTree = BUILT_PRODUCTS_DIR; };
		5E13E3F9287D59AE00A127AA /* Model.swift */ = {isa = PBXFileReference; lastKnownFileType = sourcecode.swift; path = Model.swift; sourceTree = "<group>"; };
		5E13E3FB287D5A0F00A127AA /* UsersViewModel.swift */ = {isa = PBXFileReference; lastKnownFileType = sourcecode.swift; path = UsersViewModel.swift; sourceTree = "<group>"; };
		5E13E400287D686D00A127AA /* TableViewCell.swift */ = {isa = PBXFileReference; lastKnownFileType = sourcecode.swift; path = TableViewCell.swift; sourceTree = "<group>"; };
		5E13E402287D689F00A127AA /* CollectionViewCell.swift */ = {isa = PBXFileReference; lastKnownFileType = sourcecode.swift; path = CollectionViewCell.swift; sourceTree = "<group>"; };
		5E33407F28814B7B00995D73 /* ApiService.swift */ = {isa = PBXFileReference; lastKnownFileType = sourcecode.swift; path = ApiService.swift; sourceTree = "<group>"; };
		5E33408228814BB300995D73 /* Constants.swift */ = {isa = PBXFileReference; lastKnownFileType = sourcecode.swift; path = Constants.swift; sourceTree = "<group>"; };
		5E33408428814BB900995D73 /* Loader.swift */ = {isa = PBXFileReference; lastKnownFileType = sourcecode.swift; path = Loader.swift; sourceTree = "<group>"; };
		6F8A5FFED19D4BAF459F74CF /* Pods-MVVM_CollectionVW_inside_TableViewCell.release.xcconfig */ = {isa = PBXFileReference; includeInIndex = 1; lastKnownFileType = text.xcconfig; name = "Pods-MVVM_CollectionVW_inside_TableViewCell.release.xcconfig"; path = "Target Support Files/Pods-MVVM_CollectionVW_inside_TableViewCell/Pods-MVVM_CollectionVW_inside_TableViewCell.release.xcconfig"; sourceTree = "<group>"; };
		A13A08C61F927E9009DD781F /* Pods-Task_01.release.xcconfig */ = {isa = PBXFileReference; includeInIndex = 1; lastKnownFileType = text.xcconfig; name = "Pods-Task_01.release.xcconfig"; path = "Target Support Files/Pods-Task_01/Pods-Task_01.release.xcconfig"; sourceTree = "<group>"; };
		FD49A21F01EF3B3A451D6B18 /* Pods-MVVM_CollectionVW_inside_TableViewCell.debug.xcconfig */ = {isa = PBXFileReference; includeInIndex = 1; lastKnownFileType = text.xcconfig; name = "Pods-MVVM_CollectionVW_inside_TableViewCell.debug.xcconfig"; path = "Target Support Files/Pods-MVVM_CollectionVW_inside_TableViewCell/Pods-MVVM_CollectionVW_inside_TableViewCell.debug.xcconfig"; sourceTree = "<group>"; };
/* End PBXFileReference section */

/* Begin PBXFrameworksBuildPhase section */
		5E13E3C3287D4A4E00A127AA /* Frameworks */ = {
			isa = PBXFrameworksBuildPhase;
			buildActionMask = 2147483647;
			files = (
				33CA20418E3A5F61908438D0 /* Pods_MVVM_CollectionVW_inside_TableViewCell.framework in Frameworks */,
			);
			runOnlyForDeploymentPostprocessing = 0;
		};
		5E13E3D9287D4A5100A127AA /* Frameworks */ = {
			isa = PBXFrameworksBuildPhase;
			buildActionMask = 2147483647;
			files = (
			);
			runOnlyForDeploymentPostprocessing = 0;
		};
		5E13E3E3287D4A5100A127AA /* Frameworks */ = {
			isa = PBXFrameworksBuildPhase;
			buildActionMask = 2147483647;
			files = (
			);
			runOnlyForDeploymentPostprocessing = 0;
		};
/* End PBXFrameworksBuildPhase section */

/* Begin PBXGroup section */
		5E13E3BD287D4A4E00A127AA = {
			isa = PBXGroup;
			children = (
				5E13E3C8287D4A4E00A127AA /* MVVM_CollectionVW_inside_TableViewCell */,
				5E13E3C7287D4A4E00A127AA /* Products */,
				73E74A5FDECE2A031C35D17B /* Pods */,
				CD754E320E50ADC03B1EC377 /* Frameworks */,
			);
			sourceTree = "<group>";
		};
		5E13E3C7287D4A4E00A127AA /* Products */ = {
			isa = PBXGroup;
			children = (
				5E13E3C6287D4A4E00A127AA /* MVVM_CollectionVW_inside_TableViewCell.app */,
				5E13E3DC287D4A5100A127AA /* MVVM_CollectionVW_inside_TableViewCellTests.xctest */,
				5E13E3E6287D4A5100A127AA /* MVVM_CollectionVW_inside_TableViewCellUITests.xctest */,
			);
			name = Products;
			sourceTree = "<group>";
		};
		5E13E3C8287D4A4E00A127AA /* MVVM_CollectionVW_inside_TableViewCell */ = {
			isa = PBXGroup;
			children = (
				5E33408128814BA800995D73 /* Utils */,
				5E13E3C9287D4A4E00A127AA /* AppDelegate.swift */,
				5E13E3CB287D4A4E00A127AA /* SceneDelegate.swift */,
				5E13E3CD287D4A4E00A127AA /* ViewController.swift */,
				5E13E3FE287D683700A127AA /* ViewModel */,
				5E334076288145C800995D73 /* Services */,
				5E13E3FF287D684800A127AA /* Cell_Class */,
				5E13E3CF287D4A4E00A127AA /* Main.storyboard */,
				5E13E3D2287D4A5100A127AA /* Assets.xcassets */,
				5E13E3D4287D4A5100A127AA /* LaunchScreen.storyboard */,
				5E13E3D7287D4A5100A127AA /* Info.plist */,
			);
			path = MVVM_CollectionVW_inside_TableViewCell;
			sourceTree = "<group>";
		};
		5E13E3FD287D682C00A127AA /* Model */ = {
			isa = PBXGroup;
			children = (
				5E13E3F9287D59AE00A127AA /* Model.swift */,
			);
			path = Model;
			sourceTree = "<group>";
		};
		5E13E3FE287D683700A127AA /* ViewModel */ = {
			isa = PBXGroup;
			children = (
				5E13E3FB287D5A0F00A127AA /* UsersViewModel.swift */,
			);
			path = ViewModel;
			sourceTree = "<group>";
		};
		5E13E3FF287D684800A127AA /* Cell_Class */ = {
			isa = PBXGroup;
			children = (
				5E13E400287D686D00A127AA /* TableViewCell.swift */,
				5E13E402287D689F00A127AA /* CollectionViewCell.swift */,
			);
			path = Cell_Class;
			sourceTree = "<group>";
		};
		5E334076288145C800995D73 /* Services */ = {
			isa = PBXGroup;
			children = (
				5E33407F28814B7B00995D73 /* ApiService.swift */,
				5E13E3FD287D682C00A127AA /* Model */,
			);
			path = Services;
			sourceTree = "<group>";
		};
		5E33408128814BA800995D73 /* Utils */ = {
			isa = PBXGroup;
			children = (
				5E33408228814BB300995D73 /* Constants.swift */,
				5E33408428814BB900995D73 /* Loader.swift */,
			);
			path = Utils;
			sourceTree = "<group>";
		};
		73E74A5FDECE2A031C35D17B /* Pods */ = {
			isa = PBXGroup;
			children = (
				4C8C7504B7F7391300970B2D /* Pods-Task_01.debug.xcconfig */,
				A13A08C61F927E9009DD781F /* Pods-Task_01.release.xcconfig */,
				FD49A21F01EF3B3A451D6B18 /* Pods-MVVM_CollectionVW_inside_TableViewCell.debug.xcconfig */,
				6F8A5FFED19D4BAF459F74CF /* Pods-MVVM_CollectionVW_inside_TableViewCell.release.xcconfig */,
			);
			path = Pods;
			sourceTree = "<group>";
		};
		CD754E320E50ADC03B1EC377 /* Frameworks */ = {
			isa = PBXGroup;
			children = (
				0D2FF383B57F02525C1964E9 /* Pods_MVVM_CollectionVW_inside_TableViewCell.framework */,
			);
			name = Frameworks;
			sourceTree = "<group>";
		};
/* End PBXGroup section */

/* Begin PBXNativeTarget section */
		5E13E3C5287D4A4E00A127AA /* MVVM_CollectionVW_inside_TableViewCell */ = {
			isa = PBXNativeTarget;
			buildConfigurationList = 5E13E3F0287D4A5100A127AA /* Build configuration list for PBXNativeTarget "MVVM_CollectionVW_inside_TableViewCell" */;
			buildPhases = (
				30059817B80434E4225303FF /* [CP] Check Pods Manifest.lock */,
				5E13E3C2287D4A4E00A127AA /* Sources */,
				5E13E3C3287D4A4E00A127AA /* Frameworks */,
				5E13E3C4287D4A4E00A127AA /* Resources */,
				6E7CA25188BF198CC907EDAE /* [CP] Embed Pods Frameworks */,
			);
			buildRules = (
			);
			dependencies = (
			);
			name = MVVM_CollectionVW_inside_TableViewCell;
			productName = Task_01;
			productReference = 5E13E3C6287D4A4E00A127AA /* MVVM_CollectionVW_inside_TableViewCell.app */;
			productType = "com.apple.product-type.application";
		};
		5E13E3DB287D4A5100A127AA /* MVVM_CollectionVW_inside_TableViewCellTests */ = {
			isa = PBXNativeTarget;
			buildConfigurationList = 5E13E3F3287D4A5100A127AA /* Build configuration list for PBXNativeTarget "MVVM_CollectionVW_inside_TableViewCellTests" */;
			buildPhases = (
				5E13E3D8287D4A5100A127AA /* Sources */,
				5E13E3D9287D4A5100A127AA /* Frameworks */,
				5E13E3DA287D4A5100A127AA /* Resources */,
			);
			buildRules = (
			);
			dependencies = (
				5E13E3DE287D4A5100A127AA /* PBXTargetDependency */,
			);
			name = MVVM_CollectionVW_inside_TableViewCellTests;
			productName = Task_01Tests;
			productReference = 5E13E3DC287D4A5100A127AA /* MVVM_CollectionVW_inside_TableViewCellTests.xctest */;
			productType = "com.apple.product-type.bundle.unit-test";
		};
		5E13E3E5287D4A5100A127AA /* MVVM_CollectionVW_inside_TableViewCellUITests */ = {
			isa = PBXNativeTarget;
			buildConfigurationList = 5E13E3F6287D4A5100A127AA /* Build configuration list for PBXNativeTarget "MVVM_CollectionVW_inside_TableViewCellUITests" */;
			buildPhases = (
				5E13E3E2287D4A5100A127AA /* Sources */,
				5E13E3E3287D4A5100A127AA /* Frameworks */,
				5E13E3E4287D4A5100A127AA /* Resources */,
			);
			buildRules = (
			);
			dependencies = (
				5E13E3E8287D4A5100A127AA /* PBXTargetDependency */,
			);
			name = MVVM_CollectionVW_inside_TableViewCellUITests;
			productName = Task_01UITests;
			productReference = 5E13E3E6287D4A5100A127AA /* MVVM_CollectionVW_inside_TableViewCellUITests.xctest */;
			productType = "com.apple.product-type.bundle.ui-testing";
		};
/* End PBXNativeTarget section */

/* Begin PBXProject section */
		5E13E3BE287D4A4E00A127AA /* Project object */ = {
			isa = PBXProject;
			attributes = {
				BuildIndependentTargetsInParallel = 1;
				LastSwiftUpdateCheck = 1330;
				LastUpgradeCheck = 1330;
				TargetAttributes = {
					5E13E3C5287D4A4E00A127AA = {
						CreatedOnToolsVersion = 13.3.1;
					};
					5E13E3DB287D4A5100A127AA = {
						CreatedOnToolsVersion = 13.3.1;
						TestTargetID = 5E13E3C5287D4A4E00A127AA;
					};
					5E13E3E5287D4A5100A127AA = {
						CreatedOnToolsVersion = 13.3.1;
						TestTargetID = 5E13E3C5287D4A4E00A127AA;
					};
				};
			};
			buildConfigurationList = 5E13E3C1287D4A4E00A127AA /* Build configuration list for PBXProject "MVVM_CollectionVW_inside_TableViewCell" */;
			compatibilityVersion = "Xcode 13.0";
			developmentRegion = en;
			hasScannedForEncodings = 0;
			knownRegions = (
				en,
				Base,
			);
			mainGroup = 5E13E3BD287D4A4E00A127AA;
			productRefGroup = 5E13E3C7287D4A4E00A127AA /* Products */;
			projectDirPath = "";
			projectRoot = "";
			targets = (
				5E13E3C5287D4A4E00A127AA /* MVVM_CollectionVW_inside_TableViewCell */,
				5E13E3DB287D4A5100A127AA /* MVVM_CollectionVW_inside_TableViewCellTests */,
				5E13E3E5287D4A5100A127AA /* MVVM_CollectionVW_inside_TableViewCellUITests */,
			);
		};
/* End PBXProject section */

/* Begin PBXResourcesBuildPhase section */
		5E13E3C4287D4A4E00A127AA /* Resources */ = {
			isa = PBXResourcesBuildPhase;
			buildActionMask = 2147483647;
			files = (
				5E13E3D6287D4A5100A127AA /* LaunchScreen.storyboard in Resources */,
				5E13E3D3287D4A5100A127AA /* Assets.xcassets in Resources */,
				5E13E3D1287D4A4E00A127AA /* Main.storyboard in Resources */,
			);
			runOnlyForDeploymentPostprocessing = 0;
		};
		5E13E3DA287D4A5100A127AA /* Resources */ = {
			isa = PBXResourcesBuildPhase;
			buildActionMask = 2147483647;
			files = (
			);
			runOnlyForDeploymentPostprocessing = 0;
		};
		5E13E3E4287D4A5100A127AA /* Resources */ = {
			isa = PBXResourcesBuildPhase;
			buildActionMask = 2147483647;
			files = (
			);
			runOnlyForDeploymentPostprocessing = 0;
		};
/* End PBXResourcesBuildPhase section */

/* Begin PBXShellScriptBuildPhase section */
		30059817B80434E4225303FF /* [CP] Check Pods Manifest.lock */ = {
			isa = PBXShellScriptBuildPhase;
			buildActionMask = 2147483647;
			files = (
			);
			inputFileListPaths = (
			);
			inputPaths = (
				"${PODS_PODFILE_DIR_PATH}/Podfile.lock",
				"${PODS_ROOT}/Manifest.lock",
			);
			name = "[CP] Check Pods Manifest.lock";
			outputFileListPaths = (
			);
			outputPaths = (
				"$(DERIVED_FILE_DIR)/Pods-MVVM_CollectionVW_inside_TableViewCell-checkManifestLockResult.txt",
			);
			runOnlyForDeploymentPostprocessing = 0;
			shellPath = /bin/sh;
			shellScript = "diff \"${PODS_PODFILE_DIR_PATH}/Podfile.lock\" \"${PODS_ROOT}/Manifest.lock\" > /dev/null\nif [ $? != 0 ] ; then\n    # print error to STDERR\n    echo \"error: The sandbox is not in sync with the Podfile.lock. Run 'pod install' or update your CocoaPods installation.\" >&2\n    exit 1\nfi\n# This output is used by Xcode 'outputs' to avoid re-running this script phase.\necho \"SUCCESS\" > \"${SCRIPT_OUTPUT_FILE_0}\"\n";
			showEnvVarsInLog = 0;
		};
		6E7CA25188BF198CC907EDAE /* [CP] Embed Pods Frameworks */ = {
			isa = PBXShellScriptBuildPhase;
			buildActionMask = 2147483647;
			files = (
			);
			inputFileListPaths = (
				"${PODS_ROOT}/Target Support Files/Pods-MVVM_CollectionVW_inside_TableViewCell/Pods-MVVM_CollectionVW_inside_TableViewCell-frameworks-${CONFIGURATION}-input-files.xcfilelist",
			);
			name = "[CP] Embed Pods Frameworks";
			outputFileListPaths = (
				"${PODS_ROOT}/Target Support Files/Pods-MVVM_CollectionVW_inside_TableViewCell/Pods-MVVM_CollectionVW_inside_TableViewCell-frameworks-${CONFIGURATION}-output-files.xcfilelist",
			);
			runOnlyForDeploymentPostprocessing = 0;
			shellPath = /bin/sh;
			shellScript = "\"${PODS_ROOT}/Target Support Files/Pods-MVVM_CollectionVW_inside_TableViewCell/Pods-MVVM_CollectionVW_inside_TableViewCell-frameworks.sh\"\n";
			showEnvVarsInLog = 0;
		};
/* End PBXShellScriptBuildPhase section */

/* Begin PBXSourcesBuildPhase section */
		5E13E3C2287D4A4E00A127AA /* Sources */ = {
			isa = PBXSourcesBuildPhase;
			buildActionMask = 2147483647;
			files = (
				5E13E403287D689F00A127AA /* CollectionViewCell.swift in Sources */,
				5E13E3FC287D5A0F00A127AA /* UsersViewModel.swift in Sources */,
				5E13E3CE287D4A4E00A127AA /* ViewController.swift in Sources */,
				5E13E3CA287D4A4E00A127AA /* AppDelegate.swift in Sources */,
				5E33408028814B7B00995D73 /* ApiService.swift in Sources */,
				5E13E401287D686D00A127AA /* TableViewCell.swift in Sources */,
				5E13E3CC287D4A4E00A127AA /* SceneDelegate.swift in Sources */,
				5E33408528814BB900995D73 /* Loader.swift in Sources */,
				5E13E3FA287D59AE00A127AA /* Model.swift in Sources */,
				5E33408328814BB300995D73 /* Constants.swift in Sources */,
			);
			runOnlyForDeploymentPostprocessing = 0;
		};
		5E13E3D8287D4A5100A127AA /* Sources */ = {
			isa = PBXSourcesBuildPhase;
			buildActionMask = 2147483647;
			files = (
			);
			runOnlyForDeploymentPostprocessing = 0;
		};
		5E13E3E2287D4A5100A127AA /* Sources */ = {
			isa = PBXSourcesBuildPhase;
			buildActionMask = 2147483647;
			files = (
			);
			runOnlyForDeploymentPostprocessing = 0;
		};
/* End PBXSourcesBuildPhase section */

/* Begin PBXTargetDependency section */
		5E13E3DE287D4A5100A127AA /* PBXTargetDependency */ = {
			isa = PBXTargetDependency;
			target = 5E13E3C5287D4A4E00A127AA /* MVVM_CollectionVW_inside_TableViewCell */;
			targetProxy = 5E13E3DD287D4A5100A127AA /* PBXContainerItemProxy */;
		};
		5E13E3E8287D4A5100A127AA /* PBXTargetDependency */ = {
			isa = PBXTargetDependency;
			target = 5E13E3C5287D4A4E00A127AA /* MVVM_CollectionVW_inside_TableViewCell */;
			targetProxy = 5E13E3E7287D4A5100A127AA /* PBXContainerItemProxy */;
		};
/* End PBXTargetDependency section */

/* Begin PBXVariantGroup section */
		5E13E3CF287D4A4E00A127AA /* Main.storyboard */ = {
			isa = PBXVariantGroup;
			children = (
				5E13E3D0287D4A4E00A127AA /* Base */,
			);
			name = Main.storyboard;
			sourceTree = "<group>";
		};
		5E13E3D4287D4A5100A127AA /* LaunchScreen.storyboard */ = {
			isa = PBXVariantGroup;
			children = (
				5E13E3D5287D4A5100A127AA /* Base */,
			);
			name = LaunchScreen.storyboard;
			sourceTree = "<group>";
		};
/* End PBXVariantGroup section */

/* Begin XCBuildConfiguration section */
		5E13E3EE287D4A5100A127AA /* Debug */ = {
			isa = XCBuildConfiguration;
			buildSettings = {
				ALWAYS_SEARCH_USER_PATHS = NO;
				CLANG_ANALYZER_NONNULL = YES;
				CLANG_ANALYZER_NUMBER_OBJECT_CONVERSION = YES_AGGRESSIVE;
				CLANG_CXX_LANGUAGE_STANDARD = "gnu++17";
				CLANG_ENABLE_MODULES = YES;
				CLANG_ENABLE_OBJC_ARC = YES;
				CLANG_ENABLE_OBJC_WEAK = YES;
				CLANG_WARN_BLOCK_CAPTURE_AUTORELEASING = YES;
				CLANG_WARN_BOOL_CONVERSION = YES;
				CLANG_WARN_COMMA = YES;
				CLANG_WARN_CONSTANT_CONVERSION = YES;
				CLANG_WARN_DEPRECATED_OBJC_IMPLEMENTATIONS = YES;
				CLANG_WARN_DIRECT_OBJC_ISA_USAGE = YES_ERROR;
				CLANG_WARN_DOCUMENTATION_COMMENTS = YES;
				CLANG_WARN_EMPTY_BODY = YES;
				CLANG_WARN_ENUM_CONVERSION = YES;
				CLANG_WARN_INFINITE_RECURSION = YES;
				CLANG_WARN_INT_CONVERSION = YES;
				CLANG_WARN_NON_LITERAL_NULL_CONVERSION = YES;
				CLANG_WARN_OBJC_IMPLICIT_RETAIN_SELF = YES;
				CLANG_WARN_OBJC_LITERAL_CONVERSION = YES;
				CLANG_WARN_OBJC_ROOT_CLASS = YES_ERROR;
				CLANG_WARN_QUOTED_INCLUDE_IN_FRAMEWORK_HEADER = YES;
				CLANG_WARN_RANGE_LOOP_ANALYSIS = YES;
				CLANG_WARN_STRICT_PROTOTYPES = YES;
				CLANG_WARN_SUSPICIOUS_MOVE = YES;
				CLANG_WARN_UNGUARDED_AVAILABILITY = YES_AGGRESSIVE;
				CLANG_WARN_UNREACHABLE_CODE = YES;
				CLANG_WARN__DUPLICATE_METHOD_MATCH = YES;
				COPY_PHASE_STRIP = NO;
				DEBUG_INFORMATION_FORMAT = dwarf;
				ENABLE_STRICT_OBJC_MSGSEND = YES;
				ENABLE_TESTABILITY = YES;
				GCC_C_LANGUAGE_STANDARD = gnu11;
				GCC_DYNAMIC_NO_PIC = NO;
				GCC_NO_COMMON_BLOCKS = YES;
				GCC_OPTIMIZATION_LEVEL = 0;
				GCC_PREPROCESSOR_DEFINITIONS = (
					"DEBUG=1",
					"$(inherited)",
				);
				GCC_WARN_64_TO_32_BIT_CONVERSION = YES;
				GCC_WARN_ABOUT_RETURN_TYPE = YES_ERROR;
				GCC_WARN_UNDECLARED_SELECTOR = YES;
				GCC_WARN_UNINITIALIZED_AUTOS = YES_AGGRESSIVE;
				GCC_WARN_UNUSED_FUNCTION = YES;
				GCC_WARN_UNUSED_VARIABLE = YES;
				IPHONEOS_DEPLOYMENT_TARGET = 15.4;
				MTL_ENABLE_DEBUG_INFO = INCLUDE_SOURCE;
				MTL_FAST_MATH = YES;
				ONLY_ACTIVE_ARCH = YES;
				SDKROOT = iphoneos;
				SWIFT_ACTIVE_COMPILATION_CONDITIONS = DEBUG;
				SWIFT_OPTIMIZATION_LEVEL = "-Onone";
			};
			name = Debug;
		};
		5E13E3EF287D4A5100A127AA /* Release */ = {
			isa = XCBuildConfiguration;
			buildSettings = {
				ALWAYS_SEARCH_USER_PATHS = NO;
				CLANG_ANALYZER_NONNULL = YES;
				CLANG_ANALYZER_NUMBER_OBJECT_CONVERSION = YES_AGGRESSIVE;
				CLANG_CXX_LANGUAGE_STANDARD = "gnu++17";
				CLANG_ENABLE_MODULES = YES;
				CLANG_ENABLE_OBJC_ARC = YES;
				CLANG_ENABLE_OBJC_WEAK = YES;
				CLANG_WARN_BLOCK_CAPTURE_AUTORELEASING = YES;
				CLANG_WARN_BOOL_CONVERSION = YES;
				CLANG_WARN_COMMA = YES;
				CLANG_WARN_CONSTANT_CONVERSION = YES;
				CLANG_WARN_DEPRECATED_OBJC_IMPLEMENTATIONS = YES;
				CLANG_WARN_DIRECT_OBJC_ISA_USAGE = YES_ERROR;
				CLANG_WARN_DOCUMENTATION_COMMENTS = YES;
				CLANG_WARN_EMPTY_BODY = YES;
				CLANG_WARN_ENUM_CONVERSION = YES;
				CLANG_WARN_INFINITE_RECURSION = YES;
				CLANG_WARN_INT_CONVERSION = YES;
				CLANG_WARN_NON_LITERAL_NULL_CONVERSION = YES;
				CLANG_WARN_OBJC_IMPLICIT_RETAIN_SELF = YES;
				CLANG_WARN_OBJC_LITERAL_CONVERSION = YES;
				CLANG_WARN_OBJC_ROOT_CLASS = YES_ERROR;
				CLANG_WARN_QUOTED_INCLUDE_IN_FRAMEWORK_HEADER = YES;
				CLANG_WARN_RANGE_LOOP_ANALYSIS = YES;
				CLANG_WARN_STRICT_PROTOTYPES = YES;
				CLANG_WARN_SUSPICIOUS_MOVE = YES;
				CLANG_WARN_UNGUARDED_AVAILABILITY = YES_AGGRESSIVE;
				CLANG_WARN_UNREACHABLE_CODE = YES;
				CLANG_WARN__DUPLICATE_METHOD_MATCH = YES;
				COPY_PHASE_STRIP = NO;
				DEBUG_INFORMATION_FORMAT = "dwarf-with-dsym";
				ENABLE_NS_ASSERTIONS = NO;
				ENABLE_STRICT_OBJC_MSGSEND = YES;
				GCC_C_LANGUAGE_STANDARD = gnu11;
				GCC_NO_COMMON_BLOCKS = YES;
				GCC_WARN_64_TO_32_BIT_CONVERSION = YES;
				GCC_WARN_ABOUT_RETURN_TYPE = YES_ERROR;
				GCC_WARN_UNDECLARED_SELECTOR = YES;
				GCC_WARN_UNINITIALIZED_AUTOS = YES_AGGRESSIVE;
				GCC_WARN_UNUSED_FUNCTION = YES;
				GCC_WARN_UNUSED_VARIABLE = YES;
				IPHONEOS_DEPLOYMENT_TARGET = 15.4;
				MTL_ENABLE_DEBUG_INFO = NO;
				MTL_FAST_MATH = YES;
				SDKROOT = iphoneos;
				SWIFT_COMPILATION_MODE = wholemodule;
				SWIFT_OPTIMIZATION_LEVEL = "-O";
				VALIDATE_PRODUCT = YES;
			};
			name = Release;
		};
		5E13E3F1287D4A5100A127AA /* Debug */ = {
			isa = XCBuildConfiguration;
			baseConfigurationReference = FD49A21F01EF3B3A451D6B18 /* Pods-MVVM_CollectionVW_inside_TableViewCell.debug.xcconfig */;
			buildSettings = {
				ASSETCATALOG_COMPILER_APPICON_NAME = AppIcon;
				ASSETCATALOG_COMPILER_GLOBAL_ACCENT_COLOR_NAME = AccentColor;
				CODE_SIGN_STYLE = Automatic;
				CURRENT_PROJECT_VERSION = 1;
				GENERATE_INFOPLIST_FILE = YES;
				INFOPLIST_FILE = "${TARGET_NAME}/Info.plist";
				INFOPLIST_KEY_UIApplicationSupportsIndirectInputEvents = YES;
				INFOPLIST_KEY_UILaunchStoryboardName = LaunchScreen;
				INFOPLIST_KEY_UIMainStoryboardFile = Main;
				INFOPLIST_KEY_UISupportedInterfaceOrientations_iPad = "UIInterfaceOrientationPortrait UIInterfaceOrientationPortraitUpsideDown UIInterfaceOrientationLandscapeLeft UIInterfaceOrientationLandscapeRight";
				INFOPLIST_KEY_UISupportedInterfaceOrientations_iPhone = "UIInterfaceOrientationPortrait UIInterfaceOrientationLandscapeLeft UIInterfaceOrientationLandscapeRight";
				IPHONEOS_DEPLOYMENT_TARGET = 15.0;
				LD_RUNPATH_SEARCH_PATHS = (
					"$(inherited)",
					"@executable_path/Frameworks",
				);
				MARKETING_VERSION = 1.0;
				PRODUCT_BUNDLE_IDENTIFIER = "com.MVVM-CollectionVW-inside-TableViewCell";
				PRODUCT_NAME = "$(TARGET_NAME)";
				SWIFT_EMIT_LOC_STRINGS = YES;
				SWIFT_VERSION = 5.0;
				TARGETED_DEVICE_FAMILY = "1,2";
			};
			name = Debug;
		};
		5E13E3F2287D4A5100A127AA /* Release */ = {
			isa = XCBuildConfiguration;
			baseConfigurationReference = 6F8A5FFED19D4BAF459F74CF /* Pods-MVVM_CollectionVW_inside_TableViewCell.release.xcconfig */;
			buildSettings = {
				ASSETCATALOG_COMPILER_APPICON_NAME = AppIcon;
				ASSETCATALOG_COMPILER_GLOBAL_ACCENT_COLOR_NAME = AccentColor;
				CODE_SIGN_STYLE = Automatic;
				CURRENT_PROJECT_VERSION = 1;
				GENERATE_INFOPLIST_FILE = YES;
				INFOPLIST_FILE = "${TARGET_NAME}/Info.plist";
				INFOPLIST_KEY_UIApplicationSupportsIndirectInputEvents = YES;
				INFOPLIST_KEY_UILaunchStoryboardName = LaunchScreen;
				INFOPLIST_KEY_UIMainStoryboardFile = Main;
				INFOPLIST_KEY_UISupportedInterfaceOrientations_iPad = "UIInterfaceOrientationPortrait UIInterfaceOrientationPortraitUpsideDown UIInterfaceOrientationLandscapeLeft UIInterfaceOrientationLandscapeRight";
				INFOPLIST_KEY_UISupportedInterfaceOrientations_iPhone = "UIInterfaceOrientationPortrait UIInterfaceOrientationLandscapeLeft UIInterfaceOrientationLandscapeRight";
				IPHONEOS_DEPLOYMENT_TARGET = 15.0;
				LD_RUNPATH_SEARCH_PATHS = (
					"$(inherited)",
					"@executable_path/Frameworks",
				);
				MARKETING_VERSION = 1.0;
				PRODUCT_BUNDLE_IDENTIFIER = "com.MVVM-CollectionVW-inside-TableViewCell";
				PRODUCT_NAME = "$(TARGET_NAME)";
				SWIFT_EMIT_LOC_STRINGS = YES;
				SWIFT_VERSION = 5.0;
				TARGETED_DEVICE_FAMILY = "1,2";
			};
			name = Release;
		};
		5E13E3F4287D4A5100A127AA /* Debug */ = {
			isa = XCBuildConfiguration;
			buildSettings = {
				ALWAYS_EMBED_SWIFT_STANDARD_LIBRARIES = YES;
				BUNDLE_LOADER = "$(TEST_HOST)";
				CODE_SIGN_STYLE = Automatic;
				CURRENT_PROJECT_VERSION = 1;
				GENERATE_INFOPLIST_FILE = YES;
				IPHONEOS_DEPLOYMENT_TARGET = 15.4;
				MARKETING_VERSION = 1.0;
				PRODUCT_BUNDLE_IDENTIFIER = "com.Task-01Tests";
				PRODUCT_NAME = "$(TARGET_NAME)";
				SWIFT_EMIT_LOC_STRINGS = NO;
				SWIFT_VERSION = 5.0;
				TARGETED_DEVICE_FAMILY = "1,2";
				TEST_HOST = "$(BUILT_PRODUCTS_DIR)/MVVM_CollectionVW_inside_TableViewCell.app/MVVM_CollectionVW_inside_TableViewCell";
			};
			name = Debug;
		};
		5E13E3F5287D4A5100A127AA /* Release */ = {
			isa = XCBuildConfiguration;
			buildSettings = {
				ALWAYS_EMBED_SWIFT_STANDARD_LIBRARIES = YES;
				BUNDLE_LOADER = "$(TEST_HOST)";
				CODE_SIGN_STYLE = Automatic;
				CURRENT_PROJECT_VERSION = 1;
				GENERATE_INFOPLIST_FILE = YES;
				IPHONEOS_DEPLOYMENT_TARGET = 15.4;
				MARKETING_VERSION = 1.0;
				PRODUCT_BUNDLE_IDENTIFIER = "com.Task-01Tests";
				PRODUCT_NAME = "$(TARGET_NAME)";
				SWIFT_EMIT_LOC_STRINGS = NO;
				SWIFT_VERSION = 5.0;
				TARGETED_DEVICE_FAMILY = "1,2";
				TEST_HOST = "$(BUILT_PRODUCTS_DIR)/MVVM_CollectionVW_inside_TableViewCell.app/MVVM_CollectionVW_inside_TableViewCell";
			};
			name = Release;
		};
		5E13E3F7287D4A5100A127AA /* Debug */ = {
			isa = XCBuildConfiguration;
			buildSettings = {
				ALWAYS_EMBED_SWIFT_STANDARD_LIBRARIES = YES;
				CODE_SIGN_STYLE = Automatic;
				CURRENT_PROJECT_VERSION = 1;
				GENERATE_INFOPLIST_FILE = YES;
				MARKETING_VERSION = 1.0;
				PRODUCT_BUNDLE_IDENTIFIER = "com.Task-01UITests";
				PRODUCT_NAME = "$(TARGET_NAME)";
				SWIFT_EMIT_LOC_STRINGS = NO;
				SWIFT_VERSION = 5.0;
				TARGETED_DEVICE_FAMILY = "1,2";
				TEST_TARGET_NAME = Task_01;
			};
			name = Debug;
		};
		5E13E3F8287D4A5100A127AA /* Release */ = {
			isa = XCBuildConfiguration;
			buildSettings = {
				ALWAYS_EMBED_SWIFT_STANDARD_LIBRARIES = YES;
				CODE_SIGN_STYLE = Automatic;
				CURRENT_PROJECT_VERSION = 1;
				GENERATE_INFOPLIST_FILE = YES;
				MARKETING_VERSION = 1.0;
				PRODUCT_BUNDLE_IDENTIFIER = "com.Task-01UITests";
				PRODUCT_NAME = "$(TARGET_NAME)";
				SWIFT_EMIT_LOC_STRINGS = NO;
				SWIFT_VERSION = 5.0;
				TARGETED_DEVICE_FAMILY = "1,2";
				TEST_TARGET_NAME = Task_01;
			};
			name = Release;
		};
/* End XCBuildConfiguration section */

/* Begin XCConfigurationList section */
		5E13E3C1287D4A4E00A127AA /* Build configuration list for PBXProject "MVVM_CollectionVW_inside_TableViewCell" */ = {
			isa = XCConfigurationList;
			buildConfigurations = (
				5E13E3EE287D4A5100A127AA /* Debug */,
				5E13E3EF287D4A5100A127AA /* Release */,
			);
			defaultConfigurationIsVisible = 0;
			defaultConfigurationName = Release;
		};
		5E13E3F0287D4A5100A127AA /* Build configuration list for PBXNativeTarget "MVVM_CollectionVW_inside_TableViewCell" */ = {
			isa = XCConfigurationList;
			buildConfigurations = (
				5E13E3F1287D4A5100A127AA /* Debug */,
				5E13E3F2287D4A5100A127AA /* Release */,
			);
			defaultConfigurationIsVisible = 0;
			defaultConfigurationName = Release;
		};
		5E13E3F3287D4A5100A127AA /* Build configuration list for PBXNativeTarget "MVVM_CollectionVW_inside_TableViewCellTests" */ = {
			isa = XCConfigurationList;
			buildConfigurations = (
				5E13E3F4287D4A5100A127AA /* Debug */,
				5E13E3F5287D4A5100A127AA /* Release */,
			);
			defaultConfigurationIsVisible = 0;
			defaultConfigurationName = Release;
		};
		5E13E3F6287D4A5100A127AA /* Build configuration list for PBXNativeTarget "MVVM_CollectionVW_inside_TableViewCellUITests" */ = {
			isa = XCConfigurationList;
			buildConfigurations = (
				5E13E3F7287D4A5100A127AA /* Debug */,
				5E13E3F8287D4A5100A127AA /* Release */,
			);
			defaultConfigurationIsVisible = 0;
			defaultConfigurationName = Release;
		};
/* End XCConfigurationList section */
	};
	rootObject = 5E13E3BE287D4A4E00A127AA /* Project object */;
}
